schema: '2.0'
stages:
  train:
    cmd: python train.py
    deps:
    - path: train.py
      md5: 2b02a77344865297146ece6a28daae39
      size: 1689
    outs:
    - path: iris.onnx
      md5: ccebda5c454453b5f085e43c3f94021e
      size: 697
    - path: iris.pickle
      md5: 03c716131664a817da676969770bac7e
      size: 828
  evaluate:
    cmd: python evaluate.py
    deps:
    - path: evaluate.py
      md5: 1badcccf44d5d709cbd5c0b92d1554b1
      size: 1664
    - path: iris.pickle
      md5: 03c716131664a817da676969770bac7e
      size: 828
    outs:
    - path: cnf_matrix.png
      md5: 982580a43a66fa6e083fb3a7016ff5f4
      size: 34517
    - path: score.json
      md5: 86586d1ff09bef80e55c5c225dfc8c3f
      size: 64
